
Microsoft Visual Studio Solution File, Format Version 12.00
# Visual Studio Version 17
VisualStudioVersion = 17.8.34511.84
MinimumVisualStudioVersion = 10.0.40219.1
Project("{FAE04EC0-301F-11D3-BF4B-00C04F79EFBC}") = "Watchlist", "Watchlist.csproj", "{C9954FC6-7028-40F5-AEA4-F0237A86B416}"
EndProject
Global
	GlobalSection(SolutionConfigurationPlatforms) = preSolution
		Debug|Any CPU = Debug|Any CPU
		Release|Any CPU = Release|Any CPU
	EndGlobalSection
	GlobalSection(ProjectConfigurationPlatforms) = postSolution
		{C9954FC6-7028-40F5-AEA4-F0237A86B416}.Debug|Any CPU.ActiveCfg = Debug|Any CPU
		{C9954FC6-7028-40F5-AEA4-F0237A86B416}.Debug|Any CPU.Build.0 = Debug|Any CPU
		{C9954FC6-7028-40F5-AEA4-F0237A86B416}.Release|Any CPU.ActiveCfg = Release|Any CPU
		{C9954FC6-7028-40F5-AEA4-F0237A86B416}.Release|Any CPU.Build.0 = Release|Any CPU
	EndGlobalSection
	GlobalSection(SolutionProperties) = preSolution
		HideSolutionNode = FALSE
	EndGlobalSection
	GlobalSection(ExtensibilityGlobals) = postSolution
		SolutionGuid = {5850F80C-1854-44CE-A2E5-50E741BCC2F6}
	EndGlobalSection
EndGlobal
